// !$*UTF8*$!
{
	archiveVersion = 1;
	classes = {
	};
	objectVersion = 55;
	objects = {

/* Begin PBXBuildFile section */
		FB0764CC283E065A0007FB20 /* AppDelegate.swift in Sources */ = {isa = PBXBuildFile; fileRef = FB0764CB283E065A0007FB20 /* AppDelegate.swift */; };
		FB0764CE283E065A0007FB20 /* SceneDelegate.swift in Sources */ = {isa = PBXBuildFile; fileRef = FB0764CD283E065A0007FB20 /* SceneDelegate.swift */; };
		FB0764D3283E065A0007FB20 /* Main.storyboard in Resources */ = {isa = PBXBuildFile; fileRef = FB0764D1283E065A0007FB20 /* Main.storyboard */; };
		FB0764D5283E065B0007FB20 /* Assets.xcassets in Resources */ = {isa = PBXBuildFile; fileRef = FB0764D4283E065B0007FB20 /* Assets.xcassets */; };
		FB0764D8283E065B0007FB20 /* LaunchScreen.storyboard in Resources */ = {isa = PBXBuildFile; fileRef = FB0764D6283E065B0007FB20 /* LaunchScreen.storyboard */; };
		FB0764E0283E09850007FB20 /* TableViewController.swift in Sources */ = {isa = PBXBuildFile; fileRef = FB0764DF283E09850007FB20 /* TableViewController.swift */; };
		FB0764E2283E09B40007FB20 /* AddViewController.swift in Sources */ = {isa = PBXBuildFile; fileRef = FB0764E1283E09B40007FB20 /* AddViewController.swift */; };
		FB0764E4283E09C20007FB20 /* DetailViewController.swift in Sources */ = {isa = PBXBuildFile; fileRef = FB0764E3283E09C20007FB20 /* DetailViewController.swift */; };
		FB0764E8283E0AD60007FB20 /* orange.jpeg in Resources */ = {isa = PBXBuildFile; fileRef = FB0764E5283E0AD60007FB20 /* orange.jpeg */; };
		FB0764E9283E0AD60007FB20 /* dog.jpeg in Resources */ = {isa = PBXBuildFile; fileRef = FB0764E6283E0AD60007FB20 /* dog.jpeg */; };
		FB0764EA283E0AD60007FB20 /* flower.jpeg in Resources */ = {isa = PBXBuildFile; fileRef = FB0764E7283E0AD60007FB20 /* flower.jpeg */; };
/* End PBXBuildFile section */

/* Begin PBXFileReference section */
		FB0764C8283E065A0007FB20 /* Table.app */ = {isa = PBXFileReference; explicitFileType = wrapper.application; includeInIndex = 0; path = Table.app; sourceTree = BUILT_PRODUCTS_DIR; };
		FB0764CB283E065A0007FB20 /* AppDelegate.swift */ = {isa = PBXFileReference; lastKnownFileType = sourcecode.swift; path = AppDelegate.swift; sourceTree = "<group>"; };
		FB0764CD283E065A0007FB20 /* SceneDelegate.swift */ = {isa = PBXFileReference; lastKnownFileType = sourcecode.swift; path = SceneDelegate.swift; sourceTree = "<group>"; };
		FB0764D2283E065A0007FB20 /* Base */ = {isa = PBXFileReference; lastKnownFileType = file.storyboard; name = Base; path = Base.lproj/Main.storyboard; sourceTree = "<group>"; };
		FB0764D4283E065B0007FB20 /* Assets.xcassets */ = {isa = PBXFileReference; lastKnownFileType = folder.assetcatalog; path = Assets.xcassets; sourceTree = "<group>"; };
		FB0764D7283E065B0007FB20 /* Base */ = {isa = PBXFileReference; lastKnownFileType = file.storyboard; name = Base; path = Base.lproj/LaunchScreen.storyboard; sourceTree = "<group>"; };
		FB0764D9283E065B0007FB20 /* Info.plist */ = {isa = PBXFileReference; lastKnownFileType = text.plist.xml; path = Info.plist; sourceTree = "<group>"; };
		FB0764DF283E09850007FB20 /* TableViewController.swift */ = {isa = PBXFileReference; lastKnownFileType = sourcecode.swift; path = TableViewController.swift; sourceTree = "<group>"; };
		FB0764E1283E09B40007FB20 /* AddViewController.swift */ = {isa = PBXFileReference; lastKnownFileType = sourcecode.swift; path = AddViewController.swift; sourceTree = "<group>"; };
		FB0764E3283E09C20007FB20 /* DetailViewController.swift */ = {isa = PBXFileReference; lastKnownFileType = sourcecode.swift; path = DetailViewController.swift; sourceTree = "<group>"; };
		FB0764E5283E0AD60007FB20 /* orange.jpeg */ = {isa = PBXFileReference; lastKnownFileType = image.jpeg; path = orange.jpeg; sourceTree = "<group>"; };
		FB0764E6283E0AD60007FB20 /* dog.jpeg */ = {isa = PBXFileReference; lastKnownFileType = image.jpeg; path = dog.jpeg; sourceTree = "<group>"; };
		FB0764E7283E0AD60007FB20 /* flower.jpeg */ = {isa = PBXFileReference; lastKnownFileType = image.jpeg; path = flower.jpeg; sourceTree = "<group>"; };
/* End PBXFileReference section */

/* Begin PBXFrameworksBuildPhase section */
		FB0764C5283E065A0007FB20 /* Frameworks */ = {
			isa = PBXFrameworksBuildPhase;
			buildActionMask = 2147483647;
			files = (
			);
			runOnlyForDeploymentPostprocessing = 0;
		};
/* End PBXFrameworksBuildPhase section */

/* Begin PBXGroup section */
		FB0764BF283E065A0007FB20 = {
			isa = PBXGroup;
			children = (
				FB0764CA283E065A0007FB20 /* Table */,
				FB0764C9283E065A0007FB20 /* Products */,
			);
			sourceTree = "<group>";
		};
		FB0764C9283E065A0007FB20 /* Products */ = {
			isa = PBXGroup;
			children = (
				FB0764C8283E065A0007FB20 /* Table.app */,
			);
			name = Products;
			sourceTree = "<group>";
		};
		FB0764CA283E065A0007FB20 /* Table */ = {
			isa = PBXGroup;
			children = (
				FB0764E6283E0AD60007FB20 /* dog.jpeg */,
				FB0764E7283E0AD60007FB20 /* flower.jpeg */,
				FB0764E5283E0AD60007FB20 /* orange.jpeg */,
				FB0764CB283E065A0007FB20 /* AppDelegate.swift */,
				FB0764CD283E065A0007FB20 /* SceneDelegate.swift */,
				FB0764E1283E09B40007FB20 /* AddViewController.swift */,
				FB0764E3283E09C20007FB20 /* DetailViewController.swift */,
				FB0764DF283E09850007FB20 /* TableViewController.swift */,
				FB0764D1283E065A0007FB20 /* Main.storyboard */,
				FB0764D4283E065B0007FB20 /* Assets.xcassets */,
				FB0764D6283E065B0007FB20 /* LaunchScreen.storyboard */,
				FB0764D9283E065B0007FB20 /* Info.plist */,
			);
			path = Table;
			sourceTree = "<group>";
		};
/* End PBXGroup section */

/* Begin PBXNativeTarget section */
		FB0764C7283E065A0007FB20 /* Table */ = {
			isa = PBXNativeTarget;
			buildConfigurationList = FB0764DC283E065B0007FB20 /* Build configuration list for PBXNativeTarget "Table" */;
			buildPhases = (
				FB0764C4283E065A0007FB20 /* Sources */,
				FB0764C5283E065A0007FB20 /* Frameworks */,
				FB0764C6283E065A0007FB20 /* Resources */,
			);
			buildRules = (
			);
			dependencies = (
			);
			name = Table;
			productName = Table;
			productReference = FB0764C8283E065A0007FB20 /* Table.app */;
			productType = "com.apple.product-type.application";
		};
/* End PBXNativeTarget section */

/* Begin PBXProject section */
		FB0764C0283E065A0007FB20 /* Project object */ = {
			isa = PBXProject;
			attributes = {
				BuildIndependentTargetsInParallel = 1;
				LastSwiftUpdateCheck = 1340;
				LastUpgradeCheck = 1340;
				TargetAttributes = {
					FB0764C7283E065A0007FB20 = {
						CreatedOnToolsVersion = 13.4;
					};
				};
			};
			buildConfigurationList = FB0764C3283E065A0007FB20 /* Build configuration list for PBXProject "Table" */;
			compatibilityVersion = "Xcode 13.0";
			developmentRegion = en;
			hasScannedForEncodings = 0;
			knownRegions = (
				en,
				Base,
			);
			mainGroup = FB0764BF283E065A0007FB20;
			productRefGroup = FB0764C9283E065A0007FB20 /* Products */;
			projectDirPath = "";
			projectRoot = "";
			targets = (
				FB0764C7283E065A0007FB20 /* Table */,
			);
		};
/* End PBXProject section */

/* Begin PBXResourcesBuildPhase section */
		FB0764C6283E065A0007FB20 /* Resources */ = {
			isa = PBXResourcesBuildPhase;
			buildActionMask = 2147483647;
			files = (
				FB0764E9283E0AD60007FB20 /* dog.jpeg in Resources */,
				FB0764E8283E0AD60007FB20 /* orange.jpeg in Resources */,
				FB0764D8283E065B0007FB20 /* LaunchScreen.storyboard in Resources */,
				FB0764D5283E065B0007FB20 /* Assets.xcassets in Resources */,
				FB0764D3283E065A0007FB20 /* Main.storyboard in Resources */,
				FB0764EA283E0AD60007FB20 /* flower.jpeg in Resources */,
			);
			runOnlyForDeploymentPostprocessing = 0;
		};
/* End PBXResourcesBuildPhase section */

/* Begin PBXSourcesBuildPhase section */
		FB0764C4283E065A0007FB20 /* Sources */ = {
			isa = PBXSourcesBuildPhase;
			buildActionMask = 2147483647;
			files = (
				FB0764CC283E065A0007FB20 /* AppDelegate.swift in Sources */,
				FB0764E0283E09850007FB20 /* TableViewController.swift in Sources */,
				FB0764E4283E09C20007FB20 /* DetailViewController.swift in Sources */,
				FB0764E2283E09B40007FB20 /* AddViewController.swift in Sources */,
				FB0764CE283E065A0007FB20 /* SceneDelegate.swift in Sources */,
			);
			runOnlyForDeploymentPostprocessing = 0;
		};
/* End PBXSourcesBuildPhase section */

/* Begin PBXVariantGroup section */
		FB0764D1283E065A0007FB20 /* Main.storyboard */ = {
			isa = PBXVariantGroup;
			children = (
				FB0764D2283E065A0007FB20 /* Base */,
			);
			name = Main.storyboard;
			sourceTree = "<group>";
		};
		FB0764D6283E065B0007FB20 /* LaunchScreen.storyboard */ = {
			isa = PBXVariantGroup;
			children = (
				FB0764D7283E065B0007FB20 /* Base */,
			);
			name = LaunchScreen.storyboard;
			sourceTree = "<group>";
		};
/* End PBXVariantGroup section */

/* Begin XCBuildConfiguration section */
		FB0764DA283E065B0007FB20 /* Debug */ = {
			isa = XCBuildConfiguration;
			buildSettings = {
				ALWAYS_SEARCH_USER_PATHS = NO;
				CLANG_ANALYZER_NONNULL = YES;
				CLANG_ANALYZER_NUMBER_OBJECT_CONVERSION = YES_AGGRESSIVE;
				CLANG_CXX_LANGUAGE_STANDARD = "gnu++17";
				CLANG_ENABLE_MODULES = YES;
				CLANG_ENABLE_OBJC_ARC = YES;
				CLANG_ENABLE_OBJC_WEAK = YES;
				CLANG_WARN_BLOCK_CAPTURE_AUTORELEASING = YES;
				CLANG_WARN_BOOL_CONVERSION = YES;
				CLANG_WARN_COMMA = YES;
				CLANG_WARN_CONSTANT_CONVERSION = YES;
				CLANG_WARN_DEPRECATED_OBJC_IMPLEMENTATIONS = YES;
				CLANG_WARN_DIRECT_OBJC_ISA_USAGE = YES_ERROR;
				CLANG_WARN_DOCUMENTATION_COMMENTS = YES;
				CLANG_WARN_EMPTY_BODY = YES;
				CLANG_WARN_ENUM_CONVERSION = YES;
				CLANG_WARN_INFINITE_RECURSION = YES;
				CLANG_WARN_INT_CONVERSION = YES;
				CLANG_WARN_NON_LITERAL_NULL_CONVERSION = YES;
				CLANG_WARN_OBJC_IMPLICIT_RETAIN_SELF = YES;
				CLANG_WARN_OBJC_LITERAL_CONVERSION = YES;
				CLANG_WARN_OBJC_ROOT_CLASS = YES_ERROR;
				CLANG_WARN_QUOTED_INCLUDE_IN_FRAMEWORK_HEADER = YES;
				CLANG_WARN_RANGE_LOOP_ANALYSIS = YES;
				CLANG_WARN_STRICT_PROTOTYPES = YES;
				CLANG_WARN_SUSPICIOUS_MOVE = YES;
				CLANG_WARN_UNGUARDED_AVAILABILITY = YES_AGGRESSIVE;
				CLANG_WARN_UNREACHABLE_CODE = YES;
				CLANG_WARN__DUPLICATE_METHOD_MATCH = YES;
				COPY_PHASE_STRIP = NO;
				DEBUG_INFORMATION_FORMAT = dwarf;
				ENABLE_STRICT_OBJC_MSGSEND = YES;
				ENABLE_TESTABILITY = YES;
				GCC_C_LANGUAGE_STANDARD = gnu11;
				GCC_DYNAMIC_NO_PIC = NO;
				GCC_NO_COMMON_BLOCKS = YES;
				GCC_OPTIMIZATION_LEVEL = 0;
				GCC_PREPROCESSOR_DEFINITIONS = (
					"DEBUG=1",
					"$(inherited)",
				);
				GCC_WARN_64_TO_32_BIT_CONVERSION = YES;
				GCC_WARN_ABOUT_RETURN_TYPE = YES_ERROR;
				GCC_WARN_UNDECLARED_SELECTOR = YES;
				GCC_WARN_UNINITIALIZED_AUTOS = YES_AGGRESSIVE;
				GCC_WARN_UNUSED_FUNCTION = YES;
				GCC_WARN_UNUSED_VARIABLE = YES;
				IPHONEOS_DEPLOYMENT_TARGET = 15.5;
				MTL_ENABLE_DEBUG_INFO = INCLUDE_SOURCE;
				MTL_FAST_MATH = YES;
				ONLY_ACTIVE_ARCH = YES;
				SDKROOT = iphoneos;
				SWIFT_ACTIVE_COMPILATION_CONDITIONS = DEBUG;
				SWIFT_OPTIMIZATION_LEVEL = "-Onone";
			};
			name = Debug;
		};
		FB0764DB283E065B0007FB20 /* Release */ = {
			isa = XCBuildConfiguration;
			buildSettings = {
				ALWAYS_SEARCH_USER_PATHS = NO;
				CLANG_ANALYZER_NONNULL = YES;
				CLANG_ANALYZER_NUMBER_OBJECT_CONVERSION = YES_AGGRESSIVE;
				CLANG_CXX_LANGUAGE_STANDARD = "gnu++17";
				CLANG_ENABLE_MODULES = YES;
				CLANG_ENABLE_OBJC_ARC = YES;
				CLANG_ENABLE_OBJC_WEAK = YES;
				CLANG_WARN_BLOCK_CAPTURE_AUTORELEASING = YES;
				CLANG_WARN_BOOL_CONVERSION = YES;
				CLANG_WARN_COMMA = YES;
				CLANG_WARN_CONSTANT_CONVERSION = YES;
				CLANG_WARN_DEPRECATED_OBJC_IMPLEMENTATIONS = YES;
				CLANG_WARN_DIRECT_OBJC_ISA_USAGE = YES_ERROR;
				CLANG_WARN_DOCUMENTATION_COMMENTS = YES;
				CLANG_WARN_EMPTY_BODY = YES;
				CLANG_WARN_ENUM_CONVERSION = YES;
				CLANG_WARN_INFINITE_RECURSION = YES;
				CLANG_WARN_INT_CONVERSION = YES;
				CLANG_WARN_NON_LITERAL_NULL_CONVERSION = YES;
				CLANG_WARN_OBJC_IMPLICIT_RETAIN_SELF = YES;
				CLANG_WARN_OBJC_LITERAL_CONVERSION = YES;
				CLANG_WARN_OBJC_ROOT_CLASS = YES_ERROR;
				CLANG_WARN_QUOTED_INCLUDE_IN_FRAMEWORK_HEADER = YES;
				CLANG_WARN_RANGE_LOOP_ANALYSIS = YES;
				CLANG_WARN_STRICT_PROTOTYPES = YES;
				CLANG_WARN_SUSPICIOUS_MOVE = YES;
				CLANG_WARN_UNGUARDED_AVAILABILITY = YES_AGGRESSIVE;
				CLANG_WARN_UNREACHABLE_CODE = YES;
				CLANG_WARN__DUPLICATE_METHOD_MATCH = YES;
				COPY_PHASE_STRIP = NO;
				DEBUG_INFORMATION_FORMAT = "dwarf-with-dsym";
				ENABLE_NS_ASSERTIONS = NO;
				ENABLE_STRICT_OBJC_MSGSEND = YES;
				GCC_C_LANGUAGE_STANDARD = gnu11;
				GCC_NO_COMMON_BLOCKS = YES;
				GCC_WARN_64_TO_32_BIT_CONVERSION = YES;
				GCC_WARN_ABOUT_RETURN_TYPE = YES_ERROR;
				GCC_WARN_UNDECLARED_SELECTOR = YES;
				GCC_WARN_UNINITIALIZED_AUTOS = YES_AGGRESSIVE;
				GCC_WARN_UNUSED_FUNCTION = YES;
				GCC_WARN_UNUSED_VARIABLE = YES;
				IPHONEOS_DEPLOYMENT_TARGET = 15.5;
				MTL_ENABLE_DEBUG_INFO = NO;
				MTL_FAST_MATH = YES;
				SDKROOT = iphoneos;
				SWIFT_COMPILATION_MODE = wholemodule;
				SWIFT_OPTIMIZATION_LEVEL = "-O";
				VALIDATE_PRODUCT = YES;
			};
			name = Release;
		};
		FB0764DD283E065B0007FB20 /* Debug */ = {
			isa = XCBuildConfiguration;
			buildSettings = {
				ASSETCATALOG_COMPILER_APPICON_NAME = AppIcon;
				ASSETCATALOG_COMPILER_GLOBAL_ACCENT_COLOR_NAME = AccentColor;
				CODE_SIGN_STYLE = Automatic;
				CURRENT_PROJECT_VERSION = 1;
				DEVELOPMENT_TEAM = AD65V3RAF6;
				GENERATE_INFOPLIST_FILE = YES;
				INFOPLIST_FILE = Table/Info.plist;
				INFOPLIST_KEY_UIApplicationSupportsIndirectInputEvents = YES;
				INFOPLIST_KEY_UILaunchStoryboardName = LaunchScreen;
				INFOPLIST_KEY_UIMainStoryboardFile = Main;
				INFOPLIST_KEY_UISupportedInterfaceOrientations_iPad = "UIInterfaceOrientationPortrait UIInterfaceOrientationPortraitUpsideDown UIInterfaceOrientationLandscapeLeft UIInterfaceOrientationLandscapeRight";
				INFOPLIST_KEY_UISupportedInterfaceOrientations_iPhone = "UIInterfaceOrientationPortrait UIInterfaceOrientationLandscapeLeft UIInterfaceOrientationLandscapeRight";
				LD_RUNPATH_SEARCH_PATHS = (
					"$(inherited)",
					"@executable_path/Frameworks",
				);
				MARKETING_VERSION = 1.0;
				PRODUCT_BUNDLE_IDENTIFIER = com.Table;
				PRODUCT_NAME = "$(TARGET_NAME)";
				SWIFT_EMIT_LOC_STRINGS = YES;
				SWIFT_VERSION = 5.0;
				TARGETED_DEVICE_FAMILY = "1,2";
			};
			name = Debug;
		};
		FB0764DE283E065B0007FB20 /* Release */ = {
			isa = XCBuildConfiguration;
			buildSettings = {
				ASSETCATALOG_COMPILER_APPICON_NAME = AppIcon;
				ASSETCATALOG_COMPILER_GLOBAL_ACCENT_COLOR_NAME = AccentColor;
				CODE_SIGN_STYLE = Automatic;
				CURRENT_PROJECT_VERSION = 1;
				DEVELOPMENT_TEAM = AD65V3RAF6;
				GENERATE_INFOPLIST_FILE = YES;
				INFOPLIST_FILE = Table/Info.plist;
				INFOPLIST_KEY_UIApplicationSupportsIndirectInputEvents = YES;
				INFOPLIST_KEY_UILaunchStoryboardName = LaunchScreen;
				INFOPLIST_KEY_UIMainStoryboardFile = Main;
				INFOPLIST_KEY_UISupportedInterfaceOrientations_iPad = "UIInterfaceOrientationPortrait UIInterfaceOrientationPortraitUpsideDown UIInterfaceOrientationLandscapeLeft UIInterfaceOrientationLandscapeRight";
				INFOPLIST_KEY_UISupportedInterfaceOrientations_iPhone = "UIInterfaceOrientationPortrait UIInterfaceOrientationLandscapeLeft UIInterfaceOrientationLandscapeRight";
				LD_RUNPATH_SEARCH_PATHS = (
					"$(inherited)",
					"@executable_path/Frameworks",
				);
				MARKETING_VERSION = 1.0;
				PRODUCT_BUNDLE_IDENTIFIER = com.Table;
				PRODUCT_NAME = "$(TARGET_NAME)";
				SWIFT_EMIT_LOC_STRINGS = YES;
				SWIFT_VERSION = 5.0;
				TARGETED_DEVICE_FAMILY = "1,2";
			};
			name = Release;
		};
/* End XCBuildConfiguration section */

/* Begin XCConfigurationList section */
		FB0764C3283E065A0007FB20 /* Build configuration list for PBXProject "Table" */ = {
			isa = XCConfigurationList;
			buildConfigurations = (
				FB0764DA283E065B0007FB20 /* Debug */,
				FB0764DB283E065B0007FB20 /* Release */,
			);
			defaultConfigurationIsVisible = 0;
			defaultConfigurationName = Release;
		};
		FB0764DC283E065B0007FB20 /* Build configuration list for PBXNativeTarget "Table" */ = {
			isa = XCConfigurationList;
			buildConfigurations = (
				FB0764DD283E065B0007FB20 /* Debug */,
				FB0764DE283E065B0007FB20 /* Release */,
			);
			defaultConfigurationIsVisible = 0;
			defaultConfigurationName = Release;
		};
/* End XCConfigurationList section */
	};
	rootObject = FB0764C0283E065A0007FB20 /* Project object */;
}
