// !$*UTF8*$!
{
	archiveVersion = 1;
	classes = {
	};
	objectVersion = 55;
	objects = {

/* Begin PBXBuildFile section */
		FB044B1C283B2B9400159322 /* AppDelegate.swift in Sources */ = {isa = PBXBuildFile; fileRef = FB044B1B283B2B9400159322 /* AppDelegate.swift */; };
		FB044B1E283B2B9400159322 /* SceneDelegate.swift in Sources */ = {isa = PBXBuildFile; fileRef = FB044B1D283B2B9400159322 /* SceneDelegate.swift */; };
		FB044B20283B2B9400159322 /* ViewController.swift in Sources */ = {isa = PBXBuildFile; fileRef = FB044B1F283B2B9400159322 /* ViewController.swift */; };
		FB044B23283B2B9400159322 /* Main.storyboard in Resources */ = {isa = PBXBuildFile; fileRef = FB044B21283B2B9400159322 /* Main.storyboard */; };
		FB044B25283B2B9500159322 /* Assets.xcassets in Resources */ = {isa = PBXBuildFile; fileRef = FB044B24283B2B9500159322 /* Assets.xcassets */; };
		FB044B28283B2B9500159322 /* LaunchScreen.storyboard in Resources */ = {isa = PBXBuildFile; fileRef = FB044B26283B2B9500159322 /* LaunchScreen.storyboard */; };
		FB044B31283B2F1000159322 /* lamp-On.jpeg in Resources */ = {isa = PBXBuildFile; fileRef = FB044B2F283B2F1000159322 /* lamp-On.jpeg */; };
		FB044B32283B2F1000159322 /* lamp-Off.jpeg in Resources */ = {isa = PBXBuildFile; fileRef = FB044B30283B2F1000159322 /* lamp-Off.jpeg */; };
		FB044B34283B2F3D00159322 /* ImageViewController.swift in Sources */ = {isa = PBXBuildFile; fileRef = FB044B33283B2F3D00159322 /* ImageViewController.swift */; };
		FB044B39283B9D1A00159322 /* DateViewController.swift in Sources */ = {isa = PBXBuildFile; fileRef = FB044B38283B9D1A00159322 /* DateViewController.swift */; };
		FB044B3B283B9E5A00159322 /* Alarm.jpeg in Resources */ = {isa = PBXBuildFile; fileRef = FB044B3A283B9E5A00159322 /* Alarm.jpeg */; };
/* End PBXBuildFile section */

/* Begin PBXFileReference section */
		FB044B18283B2B9400159322 /* Tab.app */ = {isa = PBXFileReference; explicitFileType = wrapper.application; includeInIndex = 0; path = Tab.app; sourceTree = BUILT_PRODUCTS_DIR; };
		FB044B1B283B2B9400159322 /* AppDelegate.swift */ = {isa = PBXFileReference; lastKnownFileType = sourcecode.swift; path = AppDelegate.swift; sourceTree = "<group>"; };
		FB044B1D283B2B9400159322 /* SceneDelegate.swift */ = {isa = PBXFileReference; lastKnownFileType = sourcecode.swift; path = SceneDelegate.swift; sourceTree = "<group>"; };
		FB044B1F283B2B9400159322 /* ViewController.swift */ = {isa = PBXFileReference; lastKnownFileType = sourcecode.swift; path = ViewController.swift; sourceTree = "<group>"; };
		FB044B22283B2B9400159322 /* Base */ = {isa = PBXFileReference; lastKnownFileType = file.storyboard; name = Base; path = Base.lproj/Main.storyboard; sourceTree = "<group>"; };
		FB044B24283B2B9500159322 /* Assets.xcassets */ = {isa = PBXFileReference; lastKnownFileType = folder.assetcatalog; path = Assets.xcassets; sourceTree = "<group>"; };
		FB044B27283B2B9500159322 /* Base */ = {isa = PBXFileReference; lastKnownFileType = file.storyboard; name = Base; path = Base.lproj/LaunchScreen.storyboard; sourceTree = "<group>"; };
		FB044B29283B2B9500159322 /* Info.plist */ = {isa = PBXFileReference; lastKnownFileType = text.plist.xml; path = Info.plist; sourceTree = "<group>"; };
		FB044B2F283B2F1000159322 /* lamp-On.jpeg */ = {isa = PBXFileReference; lastKnownFileType = image.jpeg; path = "lamp-On.jpeg"; sourceTree = "<group>"; };
		FB044B30283B2F1000159322 /* lamp-Off.jpeg */ = {isa = PBXFileReference; lastKnownFileType = image.jpeg; path = "lamp-Off.jpeg"; sourceTree = "<group>"; };
		FB044B33283B2F3D00159322 /* ImageViewController.swift */ = {isa = PBXFileReference; fileEncoding = 4; lastKnownFileType = sourcecode.swift; name = ImageViewController.swift; path = ../../imageView/imageView/ImageViewController.swift; sourceTree = "<group>"; };
		FB044B38283B9D1A00159322 /* DateViewController.swift */ = {isa = PBXFileReference; fileEncoding = 4; lastKnownFileType = sourcecode.swift; name = DateViewController.swift; path = ../../DatePicker/DatePicker/DateViewController.swift; sourceTree = "<group>"; };
		FB044B3A283B9E5A00159322 /* Alarm.jpeg */ = {isa = PBXFileReference; lastKnownFileType = image.jpeg; path = Alarm.jpeg; sourceTree = "<group>"; };
/* End PBXFileReference section */

/* Begin PBXFrameworksBuildPhase section */
		FB044B15283B2B9400159322 /* Frameworks */ = {
			isa = PBXFrameworksBuildPhase;
			buildActionMask = 2147483647;
			files = (
			);
			runOnlyForDeploymentPostprocessing = 0;
		};
/* End PBXFrameworksBuildPhase section */

/* Begin PBXGroup section */
		FB044B0F283B2B9400159322 = {
			isa = PBXGroup;
			children = (
				FB044B1A283B2B9400159322 /* Tab */,
				FB044B19283B2B9400159322 /* Products */,
			);
			sourceTree = "<group>";
		};
		FB044B19283B2B9400159322 /* Products */ = {
			isa = PBXGroup;
			children = (
				FB044B18283B2B9400159322 /* Tab.app */,
			);
			name = Products;
			sourceTree = "<group>";
		};
		FB044B1A283B2B9400159322 /* Tab */ = {
			isa = PBXGroup;
			children = (
				FB044B3A283B9E5A00159322 /* Alarm.jpeg */,
				FB044B38283B9D1A00159322 /* DateViewController.swift */,
				FB044B33283B2F3D00159322 /* ImageViewController.swift */,
				FB044B30283B2F1000159322 /* lamp-Off.jpeg */,
				FB044B2F283B2F1000159322 /* lamp-On.jpeg */,
				FB044B1B283B2B9400159322 /* AppDelegate.swift */,
				FB044B1D283B2B9400159322 /* SceneDelegate.swift */,
				FB044B1F283B2B9400159322 /* ViewController.swift */,
				FB044B21283B2B9400159322 /* Main.storyboard */,
				FB044B24283B2B9500159322 /* Assets.xcassets */,
				FB044B26283B2B9500159322 /* LaunchScreen.storyboard */,
				FB044B29283B2B9500159322 /* Info.plist */,
			);
			path = Tab;
			sourceTree = "<group>";
		};
/* End PBXGroup section */

/* Begin PBXNativeTarget section */
		FB044B17283B2B9400159322 /* Tab */ = {
			isa = PBXNativeTarget;
			buildConfigurationList = FB044B2C283B2B9500159322 /* Build configuration list for PBXNativeTarget "Tab" */;
			buildPhases = (
				FB044B14283B2B9400159322 /* Sources */,
				FB044B15283B2B9400159322 /* Frameworks */,
				FB044B16283B2B9400159322 /* Resources */,
			);
			buildRules = (
			);
			dependencies = (
			);
			name = Tab;
			productName = Tab;
			productReference = FB044B18283B2B9400159322 /* Tab.app */;
			productType = "com.apple.product-type.application";
		};
/* End PBXNativeTarget section */

/* Begin PBXProject section */
		FB044B10283B2B9400159322 /* Project object */ = {
			isa = PBXProject;
			attributes = {
				BuildIndependentTargetsInParallel = 1;
				LastSwiftUpdateCheck = 1340;
				LastUpgradeCheck = 1340;
				TargetAttributes = {
					FB044B17283B2B9400159322 = {
						CreatedOnToolsVersion = 13.4;
					};
				};
			};
			buildConfigurationList = FB044B13283B2B9400159322 /* Build configuration list for PBXProject "Tab" */;
			compatibilityVersion = "Xcode 13.0";
			developmentRegion = en;
			hasScannedForEncodings = 0;
			knownRegions = (
				en,
				Base,
			);
			mainGroup = FB044B0F283B2B9400159322;
			productRefGroup = FB044B19283B2B9400159322 /* Products */;
			projectDirPath = "";
			projectRoot = "";
			targets = (
				FB044B17283B2B9400159322 /* Tab */,
			);
		};
/* End PBXProject section */

/* Begin PBXResourcesBuildPhase section */
		FB044B16283B2B9400159322 /* Resources */ = {
			isa = PBXResourcesBuildPhase;
			buildActionMask = 2147483647;
			files = (
				FB044B32283B2F1000159322 /* lamp-Off.jpeg in Resources */,
				FB044B31283B2F1000159322 /* lamp-On.jpeg in Resources */,
				FB044B28283B2B9500159322 /* LaunchScreen.storyboard in Resources */,
				FB044B3B283B9E5A00159322 /* Alarm.jpeg in Resources */,
				FB044B25283B2B9500159322 /* Assets.xcassets in Resources */,
				FB044B23283B2B9400159322 /* Main.storyboard in Resources */,
			);
			runOnlyForDeploymentPostprocessing = 0;
		};
/* End PBXResourcesBuildPhase section */

/* Begin PBXSourcesBuildPhase section */
		FB044B14283B2B9400159322 /* Sources */ = {
			isa = PBXSourcesBuildPhase;
			buildActionMask = 2147483647;
			files = (
				FB044B39283B9D1A00159322 /* DateViewController.swift in Sources */,
				FB044B20283B2B9400159322 /* ViewController.swift in Sources */,
				FB044B1C283B2B9400159322 /* AppDelegate.swift in Sources */,
				FB044B34283B2F3D00159322 /* ImageViewController.swift in Sources */,
				FB044B1E283B2B9400159322 /* SceneDelegate.swift in Sources */,
			);
			runOnlyForDeploymentPostprocessing = 0;
		};
/* End PBXSourcesBuildPhase section */

/* Begin PBXVariantGroup section */
		FB044B21283B2B9400159322 /* Main.storyboard */ = {
			isa = PBXVariantGroup;
			children = (
				FB044B22283B2B9400159322 /* Base */,
			);
			name = Main.storyboard;
			sourceTree = "<group>";
		};
		FB044B26283B2B9500159322 /* LaunchScreen.storyboard */ = {
			isa = PBXVariantGroup;
			children = (
				FB044B27283B2B9500159322 /* Base */,
			);
			name = LaunchScreen.storyboard;
			sourceTree = "<group>";
		};
/* End PBXVariantGroup section */

/* Begin XCBuildConfiguration section */
		FB044B2A283B2B9500159322 /* Debug */ = {
			isa = XCBuildConfiguration;
			buildSettings = {
				ALWAYS_SEARCH_USER_PATHS = NO;
				CLANG_ANALYZER_NONNULL = YES;
				CLANG_ANALYZER_NUMBER_OBJECT_CONVERSION = YES_AGGRESSIVE;
				CLANG_CXX_LANGUAGE_STANDARD = "gnu++17";
				CLANG_ENABLE_MODULES = YES;
				CLANG_ENABLE_OBJC_ARC = YES;
				CLANG_ENABLE_OBJC_WEAK = YES;
				CLANG_WARN_BLOCK_CAPTURE_AUTORELEASING = YES;
				CLANG_WARN_BOOL_CONVERSION = YES;
				CLANG_WARN_COMMA = YES;
				CLANG_WARN_CONSTANT_CONVERSION = YES;
				CLANG_WARN_DEPRECATED_OBJC_IMPLEMENTATIONS = YES;
				CLANG_WARN_DIRECT_OBJC_ISA_USAGE = YES_ERROR;
				CLANG_WARN_DOCUMENTATION_COMMENTS = YES;
				CLANG_WARN_EMPTY_BODY = YES;
				CLANG_WARN_ENUM_CONVERSION = YES;
				CLANG_WARN_INFINITE_RECURSION = YES;
				CLANG_WARN_INT_CONVERSION = YES;
				CLANG_WARN_NON_LITERAL_NULL_CONVERSION = YES;
				CLANG_WARN_OBJC_IMPLICIT_RETAIN_SELF = YES;
				CLANG_WARN_OBJC_LITERAL_CONVERSION = YES;
				CLANG_WARN_OBJC_ROOT_CLASS = YES_ERROR;
				CLANG_WARN_QUOTED_INCLUDE_IN_FRAMEWORK_HEADER = YES;
				CLANG_WARN_RANGE_LOOP_ANALYSIS = YES;
				CLANG_WARN_STRICT_PROTOTYPES = YES;
				CLANG_WARN_SUSPICIOUS_MOVE = YES;
				CLANG_WARN_UNGUARDED_AVAILABILITY = YES_AGGRESSIVE;
				CLANG_WARN_UNREACHABLE_CODE = YES;
				CLANG_WARN__DUPLICATE_METHOD_MATCH = YES;
				COPY_PHASE_STRIP = NO;
				DEBUG_INFORMATION_FORMAT = dwarf;
				ENABLE_STRICT_OBJC_MSGSEND = YES;
				ENABLE_TESTABILITY = YES;
				GCC_C_LANGUAGE_STANDARD = gnu11;
				GCC_DYNAMIC_NO_PIC = NO;
				GCC_NO_COMMON_BLOCKS = YES;
				GCC_OPTIMIZATION_LEVEL = 0;
				GCC_PREPROCESSOR_DEFINITIONS = (
					"DEBUG=1",
					"$(inherited)",
				);
				GCC_WARN_64_TO_32_BIT_CONVERSION = YES;
				GCC_WARN_ABOUT_RETURN_TYPE = YES_ERROR;
				GCC_WARN_UNDECLARED_SELECTOR = YES;
				GCC_WARN_UNINITIALIZED_AUTOS = YES_AGGRESSIVE;
				GCC_WARN_UNUSED_FUNCTION = YES;
				GCC_WARN_UNUSED_VARIABLE = YES;
				IPHONEOS_DEPLOYMENT_TARGET = 15.5;
				MTL_ENABLE_DEBUG_INFO = INCLUDE_SOURCE;
				MTL_FAST_MATH = YES;
				ONLY_ACTIVE_ARCH = YES;
				SDKROOT = iphoneos;
				SWIFT_ACTIVE_COMPILATION_CONDITIONS = DEBUG;
				SWIFT_OPTIMIZATION_LEVEL = "-Onone";
			};
			name = Debug;
		};
		FB044B2B283B2B9500159322 /* Release */ = {
			isa = XCBuildConfiguration;
			buildSettings = {
				ALWAYS_SEARCH_USER_PATHS = NO;
				CLANG_ANALYZER_NONNULL = YES;
				CLANG_ANALYZER_NUMBER_OBJECT_CONVERSION = YES_AGGRESSIVE;
				CLANG_CXX_LANGUAGE_STANDARD = "gnu++17";
				CLANG_ENABLE_MODULES = YES;
				CLANG_ENABLE_OBJC_ARC = YES;
				CLANG_ENABLE_OBJC_WEAK = YES;
				CLANG_WARN_BLOCK_CAPTURE_AUTORELEASING = YES;
				CLANG_WARN_BOOL_CONVERSION = YES;
				CLANG_WARN_COMMA = YES;
				CLANG_WARN_CONSTANT_CONVERSION = YES;
				CLANG_WARN_DEPRECATED_OBJC_IMPLEMENTATIONS = YES;
				CLANG_WARN_DIRECT_OBJC_ISA_USAGE = YES_ERROR;
				CLANG_WARN_DOCUMENTATION_COMMENTS = YES;
				CLANG_WARN_EMPTY_BODY = YES;
				CLANG_WARN_ENUM_CONVERSION = YES;
				CLANG_WARN_INFINITE_RECURSION = YES;
				CLANG_WARN_INT_CONVERSION = YES;
				CLANG_WARN_NON_LITERAL_NULL_CONVERSION = YES;
				CLANG_WARN_OBJC_IMPLICIT_RETAIN_SELF = YES;
				CLANG_WARN_OBJC_LITERAL_CONVERSION = YES;
				CLANG_WARN_OBJC_ROOT_CLASS = YES_ERROR;
				CLANG_WARN_QUOTED_INCLUDE_IN_FRAMEWORK_HEADER = YES;
				CLANG_WARN_RANGE_LOOP_ANALYSIS = YES;
				CLANG_WARN_STRICT_PROTOTYPES = YES;
				CLANG_WARN_SUSPICIOUS_MOVE = YES;
				CLANG_WARN_UNGUARDED_AVAILABILITY = YES_AGGRESSIVE;
				CLANG_WARN_UNREACHABLE_CODE = YES;
				CLANG_WARN__DUPLICATE_METHOD_MATCH = YES;
				COPY_PHASE_STRIP = NO;
				DEBUG_INFORMATION_FORMAT = "dwarf-with-dsym";
				ENABLE_NS_ASSERTIONS = NO;
				ENABLE_STRICT_OBJC_MSGSEND = YES;
				GCC_C_LANGUAGE_STANDARD = gnu11;
				GCC_NO_COMMON_BLOCKS = YES;
				GCC_WARN_64_TO_32_BIT_CONVERSION = YES;
				GCC_WARN_ABOUT_RETURN_TYPE = YES_ERROR;
				GCC_WARN_UNDECLARED_SELECTOR = YES;
				GCC_WARN_UNINITIALIZED_AUTOS = YES_AGGRESSIVE;
				GCC_WARN_UNUSED_FUNCTION = YES;
				GCC_WARN_UNUSED_VARIABLE = YES;
				IPHONEOS_DEPLOYMENT_TARGET = 15.5;
				MTL_ENABLE_DEBUG_INFO = NO;
				MTL_FAST_MATH = YES;
				SDKROOT = iphoneos;
				SWIFT_COMPILATION_MODE = wholemodule;
				SWIFT_OPTIMIZATION_LEVEL = "-O";
				VALIDATE_PRODUCT = YES;
			};
			name = Release;
		};
		FB044B2D283B2B9500159322 /* Debug */ = {
			isa = XCBuildConfiguration;
			buildSettings = {
				ASSETCATALOG_COMPILER_APPICON_NAME = AppIcon;
				ASSETCATALOG_COMPILER_GLOBAL_ACCENT_COLOR_NAME = AccentColor;
				CODE_SIGN_STYLE = Automatic;
				CURRENT_PROJECT_VERSION = 1;
				DEVELOPMENT_TEAM = AD65V3RAF6;
				GENERATE_INFOPLIST_FILE = YES;
				INFOPLIST_FILE = Tab/Info.plist;
				INFOPLIST_KEY_UIApplicationSupportsIndirectInputEvents = YES;
				INFOPLIST_KEY_UILaunchStoryboardName = LaunchScreen;
				INFOPLIST_KEY_UIMainStoryboardFile = Main;
				INFOPLIST_KEY_UISupportedInterfaceOrientations_iPad = "UIInterfaceOrientationPortrait UIInterfaceOrientationPortraitUpsideDown UIInterfaceOrientationLandscapeLeft UIInterfaceOrientationLandscapeRight";
				INFOPLIST_KEY_UISupportedInterfaceOrientations_iPhone = "UIInterfaceOrientationPortrait UIInterfaceOrientationLandscapeLeft UIInterfaceOrientationLandscapeRight";
				LD_RUNPATH_SEARCH_PATHS = (
					"$(inherited)",
					"@executable_path/Frameworks",
				);
				MARKETING_VERSION = 1.0;
				PRODUCT_BUNDLE_IDENTIFIER = com.Tab;
				PRODUCT_NAME = "$(TARGET_NAME)";
				SWIFT_EMIT_LOC_STRINGS = YES;
				SWIFT_VERSION = 5.0;
				TARGETED_DEVICE_FAMILY = "1,2";
			};
			name = Debug;
		};
		FB044B2E283B2B9500159322 /* Release */ = {
			isa = XCBuildConfiguration;
			buildSettings = {
				ASSETCATALOG_COMPILER_APPICON_NAME = AppIcon;
				ASSETCATALOG_COMPILER_GLOBAL_ACCENT_COLOR_NAME = AccentColor;
				CODE_SIGN_STYLE = Automatic;
				CURRENT_PROJECT_VERSION = 1;
				DEVELOPMENT_TEAM = AD65V3RAF6;
				GENERATE_INFOPLIST_FILE = YES;
				INFOPLIST_FILE = Tab/Info.plist;
				INFOPLIST_KEY_UIApplicationSupportsIndirectInputEvents = YES;
				INFOPLIST_KEY_UILaunchStoryboardName = LaunchScreen;
				INFOPLIST_KEY_UIMainStoryboardFile = Main;
				INFOPLIST_KEY_UISupportedInterfaceOrientations_iPad = "UIInterfaceOrientationPortrait UIInterfaceOrientationPortraitUpsideDown UIInterfaceOrientationLandscapeLeft UIInterfaceOrientationLandscapeRight";
				INFOPLIST_KEY_UISupportedInterfaceOrientations_iPhone = "UIInterfaceOrientationPortrait UIInterfaceOrientationLandscapeLeft UIInterfaceOrientationLandscapeRight";
				LD_RUNPATH_SEARCH_PATHS = (
					"$(inherited)",
					"@executable_path/Frameworks",
				);
				MARKETING_VERSION = 1.0;
				PRODUCT_BUNDLE_IDENTIFIER = com.Tab;
				PRODUCT_NAME = "$(TARGET_NAME)";
				SWIFT_EMIT_LOC_STRINGS = YES;
				SWIFT_VERSION = 5.0;
				TARGETED_DEVICE_FAMILY = "1,2";
			};
			name = Release;
		};
/* End XCBuildConfiguration section */

/* Begin XCConfigurationList section */
		FB044B13283B2B9400159322 /* Build configuration list for PBXProject "Tab" */ = {
			isa = XCConfigurationList;
			buildConfigurations = (
				FB044B2A283B2B9500159322 /* Debug */,
				FB044B2B283B2B9500159322 /* Release */,
			);
			defaultConfigurationIsVisible = 0;
			defaultConfigurationName = Release;
		};
		FB044B2C283B2B9500159322 /* Build configuration list for PBXNativeTarget "Tab" */ = {
			isa = XCConfigurationList;
			buildConfigurations = (
				FB044B2D283B2B9500159322 /* Debug */,
				FB044B2E283B2B9500159322 /* Release */,
			);
			defaultConfigurationIsVisible = 0;
			defaultConfigurationName = Release;
		};
/* End XCConfigurationList section */
	};
	rootObject = FB044B10283B2B9400159322 /* Project object */;
}
