// !$*UTF8*$!
{
	archiveVersion = 1;
	classes = {
	};
	objectVersion = 55;
	objects = {

/* Begin PBXBuildFile section */
		FBDBBE43283755FD00548CB2 /* AppDelegate.swift in Sources */ = {isa = PBXBuildFile; fileRef = FBDBBE42283755FD00548CB2 /* AppDelegate.swift */; };
		FBDBBE45283755FD00548CB2 /* SceneDelegate.swift in Sources */ = {isa = PBXBuildFile; fileRef = FBDBBE44283755FD00548CB2 /* SceneDelegate.swift */; };
		FBDBBE47283755FD00548CB2 /* ViewController.swift in Sources */ = {isa = PBXBuildFile; fileRef = FBDBBE46283755FD00548CB2 /* ViewController.swift */; };
		FBDBBE4A283755FD00548CB2 /* Main.storyboard in Resources */ = {isa = PBXBuildFile; fileRef = FBDBBE48283755FD00548CB2 /* Main.storyboard */; };
		FBDBBE4C283755FE00548CB2 /* Assets.xcassets in Resources */ = {isa = PBXBuildFile; fileRef = FBDBBE4B283755FE00548CB2 /* Assets.xcassets */; };
		FBDBBE4F283755FE00548CB2 /* LaunchScreen.storyboard in Resources */ = {isa = PBXBuildFile; fileRef = FBDBBE4D283755FE00548CB2 /* LaunchScreen.storyboard */; };
		FBDBBE57283756DE00548CB2 /* Image1.jpeg in Resources */ = {isa = PBXBuildFile; fileRef = FBDBBE56283756DE00548CB2 /* Image1.jpeg */; };
		FBDBBE59283756F000548CB2 /* Image2.png in Resources */ = {isa = PBXBuildFile; fileRef = FBDBBE58283756F000548CB2 /* Image2.png */; };
		FBDBBE5B2837572700548CB2 /* Image3.jpeg in Resources */ = {isa = PBXBuildFile; fileRef = FBDBBE5A2837572700548CB2 /* Image3.jpeg */; };
/* End PBXBuildFile section */

/* Begin PBXFileReference section */
		FBDBBE3F283755FD00548CB2 /* Alert.app */ = {isa = PBXFileReference; explicitFileType = wrapper.application; includeInIndex = 0; path = Alert.app; sourceTree = BUILT_PRODUCTS_DIR; };
		FBDBBE42283755FD00548CB2 /* AppDelegate.swift */ = {isa = PBXFileReference; lastKnownFileType = sourcecode.swift; path = AppDelegate.swift; sourceTree = "<group>"; };
		FBDBBE44283755FD00548CB2 /* SceneDelegate.swift */ = {isa = PBXFileReference; lastKnownFileType = sourcecode.swift; path = SceneDelegate.swift; sourceTree = "<group>"; };
		FBDBBE46283755FD00548CB2 /* ViewController.swift */ = {isa = PBXFileReference; lastKnownFileType = sourcecode.swift; path = ViewController.swift; sourceTree = "<group>"; };
		FBDBBE49283755FD00548CB2 /* Base */ = {isa = PBXFileReference; lastKnownFileType = file.storyboard; name = Base; path = Base.lproj/Main.storyboard; sourceTree = "<group>"; };
		FBDBBE4B283755FE00548CB2 /* Assets.xcassets */ = {isa = PBXFileReference; lastKnownFileType = folder.assetcatalog; path = Assets.xcassets; sourceTree = "<group>"; };
		FBDBBE4E283755FE00548CB2 /* Base */ = {isa = PBXFileReference; lastKnownFileType = file.storyboard; name = Base; path = Base.lproj/LaunchScreen.storyboard; sourceTree = "<group>"; };
		FBDBBE50283755FE00548CB2 /* Info.plist */ = {isa = PBXFileReference; lastKnownFileType = text.plist.xml; path = Info.plist; sourceTree = "<group>"; };
		FBDBBE56283756DE00548CB2 /* Image1.jpeg */ = {isa = PBXFileReference; lastKnownFileType = image.jpeg; name = Image1.jpeg; path = ../../imageView/imageView/Image1.jpeg; sourceTree = "<group>"; };
		FBDBBE58283756F000548CB2 /* Image2.png */ = {isa = PBXFileReference; lastKnownFileType = image.png; name = Image2.png; path = ../../imageView/imageView/Image2.png; sourceTree = "<group>"; };
		FBDBBE5A2837572700548CB2 /* Image3.jpeg */ = {isa = PBXFileReference; lastKnownFileType = image.jpeg; name = Image3.jpeg; path = ../../PickerView/PickerView/images/Image3.jpeg; sourceTree = "<group>"; };
/* End PBXFileReference section */

/* Begin PBXFrameworksBuildPhase section */
		FBDBBE3C283755FD00548CB2 /* Frameworks */ = {
			isa = PBXFrameworksBuildPhase;
			buildActionMask = 2147483647;
			files = (
			);
			runOnlyForDeploymentPostprocessing = 0;
		};
/* End PBXFrameworksBuildPhase section */

/* Begin PBXGroup section */
		FBDBBE36283755FD00548CB2 = {
			isa = PBXGroup;
			children = (
				FBDBBE41283755FD00548CB2 /* Alert */,
				FBDBBE40283755FD00548CB2 /* Products */,
			);
			sourceTree = "<group>";
		};
		FBDBBE40283755FD00548CB2 /* Products */ = {
			isa = PBXGroup;
			children = (
				FBDBBE3F283755FD00548CB2 /* Alert.app */,
			);
			name = Products;
			sourceTree = "<group>";
		};
		FBDBBE41283755FD00548CB2 /* Alert */ = {
			isa = PBXGroup;
			children = (
				FBDBBE5A2837572700548CB2 /* Image3.jpeg */,
				FBDBBE58283756F000548CB2 /* Image2.png */,
				FBDBBE56283756DE00548CB2 /* Image1.jpeg */,
				FBDBBE42283755FD00548CB2 /* AppDelegate.swift */,
				FBDBBE44283755FD00548CB2 /* SceneDelegate.swift */,
				FBDBBE46283755FD00548CB2 /* ViewController.swift */,
				FBDBBE48283755FD00548CB2 /* Main.storyboard */,
				FBDBBE4B283755FE00548CB2 /* Assets.xcassets */,
				FBDBBE4D283755FE00548CB2 /* LaunchScreen.storyboard */,
				FBDBBE50283755FE00548CB2 /* Info.plist */,
			);
			path = Alert;
			sourceTree = "<group>";
		};
/* End PBXGroup section */

/* Begin PBXNativeTarget section */
		FBDBBE3E283755FD00548CB2 /* Alert */ = {
			isa = PBXNativeTarget;
			buildConfigurationList = FBDBBE53283755FE00548CB2 /* Build configuration list for PBXNativeTarget "Alert" */;
			buildPhases = (
				FBDBBE3B283755FD00548CB2 /* Sources */,
				FBDBBE3C283755FD00548CB2 /* Frameworks */,
				FBDBBE3D283755FD00548CB2 /* Resources */,
			);
			buildRules = (
			);
			dependencies = (
			);
			name = Alert;
			productName = Alert;
			productReference = FBDBBE3F283755FD00548CB2 /* Alert.app */;
			productType = "com.apple.product-type.application";
		};
/* End PBXNativeTarget section */

/* Begin PBXProject section */
		FBDBBE37283755FD00548CB2 /* Project object */ = {
			isa = PBXProject;
			attributes = {
				BuildIndependentTargetsInParallel = 1;
				LastSwiftUpdateCheck = 1340;
				LastUpgradeCheck = 1340;
				TargetAttributes = {
					FBDBBE3E283755FD00548CB2 = {
						CreatedOnToolsVersion = 13.4;
					};
				};
			};
			buildConfigurationList = FBDBBE3A283755FD00548CB2 /* Build configuration list for PBXProject "Alert" */;
			compatibilityVersion = "Xcode 13.0";
			developmentRegion = en;
			hasScannedForEncodings = 0;
			knownRegions = (
				en,
				Base,
			);
			mainGroup = FBDBBE36283755FD00548CB2;
			productRefGroup = FBDBBE40283755FD00548CB2 /* Products */;
			projectDirPath = "";
			projectRoot = "";
			targets = (
				FBDBBE3E283755FD00548CB2 /* Alert */,
			);
		};
/* End PBXProject section */

/* Begin PBXResourcesBuildPhase section */
		FBDBBE3D283755FD00548CB2 /* Resources */ = {
			isa = PBXResourcesBuildPhase;
			buildActionMask = 2147483647;
			files = (
				FBDBBE59283756F000548CB2 /* Image2.png in Resources */,
				FBDBBE4F283755FE00548CB2 /* LaunchScreen.storyboard in Resources */,
				FBDBBE4C283755FE00548CB2 /* Assets.xcassets in Resources */,
				FBDBBE5B2837572700548CB2 /* Image3.jpeg in Resources */,
				FBDBBE4A283755FD00548CB2 /* Main.storyboard in Resources */,
				FBDBBE57283756DE00548CB2 /* Image1.jpeg in Resources */,
			);
			runOnlyForDeploymentPostprocessing = 0;
		};
/* End PBXResourcesBuildPhase section */

/* Begin PBXSourcesBuildPhase section */
		FBDBBE3B283755FD00548CB2 /* Sources */ = {
			isa = PBXSourcesBuildPhase;
			buildActionMask = 2147483647;
			files = (
				FBDBBE47283755FD00548CB2 /* ViewController.swift in Sources */,
				FBDBBE43283755FD00548CB2 /* AppDelegate.swift in Sources */,
				FBDBBE45283755FD00548CB2 /* SceneDelegate.swift in Sources */,
			);
			runOnlyForDeploymentPostprocessing = 0;
		};
/* End PBXSourcesBuildPhase section */

/* Begin PBXVariantGroup section */
		FBDBBE48283755FD00548CB2 /* Main.storyboard */ = {
			isa = PBXVariantGroup;
			children = (
				FBDBBE49283755FD00548CB2 /* Base */,
			);
			name = Main.storyboard;
			sourceTree = "<group>";
		};
		FBDBBE4D283755FE00548CB2 /* LaunchScreen.storyboard */ = {
			isa = PBXVariantGroup;
			children = (
				FBDBBE4E283755FE00548CB2 /* Base */,
			);
			name = LaunchScreen.storyboard;
			sourceTree = "<group>";
		};
/* End PBXVariantGroup section */

/* Begin XCBuildConfiguration section */
		FBDBBE51283755FE00548CB2 /* Debug */ = {
			isa = XCBuildConfiguration;
			buildSettings = {
				ALWAYS_SEARCH_USER_PATHS = NO;
				CLANG_ANALYZER_NONNULL = YES;
				CLANG_ANALYZER_NUMBER_OBJECT_CONVERSION = YES_AGGRESSIVE;
				CLANG_CXX_LANGUAGE_STANDARD = "gnu++17";
				CLANG_ENABLE_MODULES = YES;
				CLANG_ENABLE_OBJC_ARC = YES;
				CLANG_ENABLE_OBJC_WEAK = YES;
				CLANG_WARN_BLOCK_CAPTURE_AUTORELEASING = YES;
				CLANG_WARN_BOOL_CONVERSION = YES;
				CLANG_WARN_COMMA = YES;
				CLANG_WARN_CONSTANT_CONVERSION = YES;
				CLANG_WARN_DEPRECATED_OBJC_IMPLEMENTATIONS = YES;
				CLANG_WARN_DIRECT_OBJC_ISA_USAGE = YES_ERROR;
				CLANG_WARN_DOCUMENTATION_COMMENTS = YES;
				CLANG_WARN_EMPTY_BODY = YES;
				CLANG_WARN_ENUM_CONVERSION = YES;
				CLANG_WARN_INFINITE_RECURSION = YES;
				CLANG_WARN_INT_CONVERSION = YES;
				CLANG_WARN_NON_LITERAL_NULL_CONVERSION = YES;
				CLANG_WARN_OBJC_IMPLICIT_RETAIN_SELF = YES;
				CLANG_WARN_OBJC_LITERAL_CONVERSION = YES;
				CLANG_WARN_OBJC_ROOT_CLASS = YES_ERROR;
				CLANG_WARN_QUOTED_INCLUDE_IN_FRAMEWORK_HEADER = YES;
				CLANG_WARN_RANGE_LOOP_ANALYSIS = YES;
				CLANG_WARN_STRICT_PROTOTYPES = YES;
				CLANG_WARN_SUSPICIOUS_MOVE = YES;
				CLANG_WARN_UNGUARDED_AVAILABILITY = YES_AGGRESSIVE;
				CLANG_WARN_UNREACHABLE_CODE = YES;
				CLANG_WARN__DUPLICATE_METHOD_MATCH = YES;
				COPY_PHASE_STRIP = NO;
				DEBUG_INFORMATION_FORMAT = dwarf;
				ENABLE_STRICT_OBJC_MSGSEND = YES;
				ENABLE_TESTABILITY = YES;
				GCC_C_LANGUAGE_STANDARD = gnu11;
				GCC_DYNAMIC_NO_PIC = NO;
				GCC_NO_COMMON_BLOCKS = YES;
				GCC_OPTIMIZATION_LEVEL = 0;
				GCC_PREPROCESSOR_DEFINITIONS = (
					"DEBUG=1",
					"$(inherited)",
				);
				GCC_WARN_64_TO_32_BIT_CONVERSION = YES;
				GCC_WARN_ABOUT_RETURN_TYPE = YES_ERROR;
				GCC_WARN_UNDECLARED_SELECTOR = YES;
				GCC_WARN_UNINITIALIZED_AUTOS = YES_AGGRESSIVE;
				GCC_WARN_UNUSED_FUNCTION = YES;
				GCC_WARN_UNUSED_VARIABLE = YES;
				IPHONEOS_DEPLOYMENT_TARGET = 15.5;
				MTL_ENABLE_DEBUG_INFO = INCLUDE_SOURCE;
				MTL_FAST_MATH = YES;
				ONLY_ACTIVE_ARCH = YES;
				SDKROOT = iphoneos;
				SWIFT_ACTIVE_COMPILATION_CONDITIONS = DEBUG;
				SWIFT_OPTIMIZATION_LEVEL = "-Onone";
			};
			name = Debug;
		};
		FBDBBE52283755FE00548CB2 /* Release */ = {
			isa = XCBuildConfiguration;
			buildSettings = {
				ALWAYS_SEARCH_USER_PATHS = NO;
				CLANG_ANALYZER_NONNULL = YES;
				CLANG_ANALYZER_NUMBER_OBJECT_CONVERSION = YES_AGGRESSIVE;
				CLANG_CXX_LANGUAGE_STANDARD = "gnu++17";
				CLANG_ENABLE_MODULES = YES;
				CLANG_ENABLE_OBJC_ARC = YES;
				CLANG_ENABLE_OBJC_WEAK = YES;
				CLANG_WARN_BLOCK_CAPTURE_AUTORELEASING = YES;
				CLANG_WARN_BOOL_CONVERSION = YES;
				CLANG_WARN_COMMA = YES;
				CLANG_WARN_CONSTANT_CONVERSION = YES;
				CLANG_WARN_DEPRECATED_OBJC_IMPLEMENTATIONS = YES;
				CLANG_WARN_DIRECT_OBJC_ISA_USAGE = YES_ERROR;
				CLANG_WARN_DOCUMENTATION_COMMENTS = YES;
				CLANG_WARN_EMPTY_BODY = YES;
				CLANG_WARN_ENUM_CONVERSION = YES;
				CLANG_WARN_INFINITE_RECURSION = YES;
				CLANG_WARN_INT_CONVERSION = YES;
				CLANG_WARN_NON_LITERAL_NULL_CONVERSION = YES;
				CLANG_WARN_OBJC_IMPLICIT_RETAIN_SELF = YES;
				CLANG_WARN_OBJC_LITERAL_CONVERSION = YES;
				CLANG_WARN_OBJC_ROOT_CLASS = YES_ERROR;
				CLANG_WARN_QUOTED_INCLUDE_IN_FRAMEWORK_HEADER = YES;
				CLANG_WARN_RANGE_LOOP_ANALYSIS = YES;
				CLANG_WARN_STRICT_PROTOTYPES = YES;
				CLANG_WARN_SUSPICIOUS_MOVE = YES;
				CLANG_WARN_UNGUARDED_AVAILABILITY = YES_AGGRESSIVE;
				CLANG_WARN_UNREACHABLE_CODE = YES;
				CLANG_WARN__DUPLICATE_METHOD_MATCH = YES;
				COPY_PHASE_STRIP = NO;
				DEBUG_INFORMATION_FORMAT = "dwarf-with-dsym";
				ENABLE_NS_ASSERTIONS = NO;
				ENABLE_STRICT_OBJC_MSGSEND = YES;
				GCC_C_LANGUAGE_STANDARD = gnu11;
				GCC_NO_COMMON_BLOCKS = YES;
				GCC_WARN_64_TO_32_BIT_CONVERSION = YES;
				GCC_WARN_ABOUT_RETURN_TYPE = YES_ERROR;
				GCC_WARN_UNDECLARED_SELECTOR = YES;
				GCC_WARN_UNINITIALIZED_AUTOS = YES_AGGRESSIVE;
				GCC_WARN_UNUSED_FUNCTION = YES;
				GCC_WARN_UNUSED_VARIABLE = YES;
				IPHONEOS_DEPLOYMENT_TARGET = 15.5;
				MTL_ENABLE_DEBUG_INFO = NO;
				MTL_FAST_MATH = YES;
				SDKROOT = iphoneos;
				SWIFT_COMPILATION_MODE = wholemodule;
				SWIFT_OPTIMIZATION_LEVEL = "-O";
				VALIDATE_PRODUCT = YES;
			};
			name = Release;
		};
		FBDBBE54283755FE00548CB2 /* Debug */ = {
			isa = XCBuildConfiguration;
			buildSettings = {
				ASSETCATALOG_COMPILER_APPICON_NAME = AppIcon;
				ASSETCATALOG_COMPILER_GLOBAL_ACCENT_COLOR_NAME = AccentColor;
				CODE_SIGN_STYLE = Automatic;
				CURRENT_PROJECT_VERSION = 1;
				DEVELOPMENT_TEAM = AD65V3RAF6;
				GENERATE_INFOPLIST_FILE = YES;
				INFOPLIST_FILE = Alert/Info.plist;
				INFOPLIST_KEY_UIApplicationSupportsIndirectInputEvents = YES;
				INFOPLIST_KEY_UILaunchStoryboardName = LaunchScreen;
				INFOPLIST_KEY_UIMainStoryboardFile = Main;
				INFOPLIST_KEY_UISupportedInterfaceOrientations_iPad = "UIInterfaceOrientationPortrait UIInterfaceOrientationPortraitUpsideDown UIInterfaceOrientationLandscapeLeft UIInterfaceOrientationLandscapeRight";
				INFOPLIST_KEY_UISupportedInterfaceOrientations_iPhone = "UIInterfaceOrientationPortrait UIInterfaceOrientationLandscapeLeft UIInterfaceOrientationLandscapeRight";
				LD_RUNPATH_SEARCH_PATHS = (
					"$(inherited)",
					"@executable_path/Frameworks",
				);
				MARKETING_VERSION = 1.0;
				PRODUCT_BUNDLE_IDENTIFIER = com.Alert;
				PRODUCT_NAME = "$(TARGET_NAME)";
				SWIFT_EMIT_LOC_STRINGS = YES;
				SWIFT_VERSION = 5.0;
				TARGETED_DEVICE_FAMILY = "1,2";
			};
			name = Debug;
		};
		FBDBBE55283755FE00548CB2 /* Release */ = {
			isa = XCBuildConfiguration;
			buildSettings = {
				ASSETCATALOG_COMPILER_APPICON_NAME = AppIcon;
				ASSETCATALOG_COMPILER_GLOBAL_ACCENT_COLOR_NAME = AccentColor;
				CODE_SIGN_STYLE = Automatic;
				CURRENT_PROJECT_VERSION = 1;
				DEVELOPMENT_TEAM = AD65V3RAF6;
				GENERATE_INFOPLIST_FILE = YES;
				INFOPLIST_FILE = Alert/Info.plist;
				INFOPLIST_KEY_UIApplicationSupportsIndirectInputEvents = YES;
				INFOPLIST_KEY_UILaunchStoryboardName = LaunchScreen;
				INFOPLIST_KEY_UIMainStoryboardFile = Main;
				INFOPLIST_KEY_UISupportedInterfaceOrientations_iPad = "UIInterfaceOrientationPortrait UIInterfaceOrientationPortraitUpsideDown UIInterfaceOrientationLandscapeLeft UIInterfaceOrientationLandscapeRight";
				INFOPLIST_KEY_UISupportedInterfaceOrientations_iPhone = "UIInterfaceOrientationPortrait UIInterfaceOrientationLandscapeLeft UIInterfaceOrientationLandscapeRight";
				LD_RUNPATH_SEARCH_PATHS = (
					"$(inherited)",
					"@executable_path/Frameworks",
				);
				MARKETING_VERSION = 1.0;
				PRODUCT_BUNDLE_IDENTIFIER = com.Alert;
				PRODUCT_NAME = "$(TARGET_NAME)";
				SWIFT_EMIT_LOC_STRINGS = YES;
				SWIFT_VERSION = 5.0;
				TARGETED_DEVICE_FAMILY = "1,2";
			};
			name = Release;
		};
/* End XCBuildConfiguration section */

/* Begin XCConfigurationList section */
		FBDBBE3A283755FD00548CB2 /* Build configuration list for PBXProject "Alert" */ = {
			isa = XCConfigurationList;
			buildConfigurations = (
				FBDBBE51283755FE00548CB2 /* Debug */,
				FBDBBE52283755FE00548CB2 /* Release */,
			);
			defaultConfigurationIsVisible = 0;
			defaultConfigurationName = Release;
		};
		FBDBBE53283755FE00548CB2 /* Build configuration list for PBXNativeTarget "Alert" */ = {
			isa = XCConfigurationList;
			buildConfigurations = (
				FBDBBE54283755FE00548CB2 /* Debug */,
				FBDBBE55283755FE00548CB2 /* Release */,
			);
			defaultConfigurationIsVisible = 0;
			defaultConfigurationName = Release;
		};
/* End XCConfigurationList section */
	};
	rootObject = FBDBBE37283755FD00548CB2 /* Project object */;
}
